<?xml version="1.0" encoding="UTF-8"?>
<CONFIG>
  <ProjectOptions>
    <Version Value="12"/>
    <PathDelim Value="\"/>
    <General>
      <Flags>
        <MainUnitHasCreateFormStatements Value="False"/>
        <MainUnitHasTitleStatement Value="False"/>
        <MainUnitHasScaledStatement Value="False"/>
      </Flags>
      <SessionStorage Value="InProjectDir"/>
      <Title Value="basic"/>
      <UseAppBundle Value="False"/>
      <ResourceType Value="res"/>
    </General>
    <BuildModes>
      <Item Name="Default" Default="True"/>
      <Item Name="Debug">
        <CompilerOptions>
          <Version Value="11"/>
          <PathDelim Value="\"/>
          <Target>
            <Filename Value="bin\NJLBasicC"/>
          </Target>
          <SearchPaths>
            <IncludeFiles Value="$(ProjOutDir)"/>
            <OtherUnitFiles Value="..\..\libs\include\ttyconsole\src;src;..\..\libs\include\RuntimeResources;C:\Sdk\lazarus64-2025\components\lazutils\"/>
            <UnitOutputDirectory Value="lib\$(TargetCPU)-$(TargetOS)"/>
          </SearchPaths>
          <Parsing>
            <SyntaxOptions>
              <IncludeAssertionCode Value="True"/>
            </SyntaxOptions>
          </Parsing>
          <CodeGeneration>
            <Checks>
              <IOChecks Value="True"/>
              <RangeChecks Value="True"/>
              <OverflowChecks Value="True"/>
              <StackChecks Value="True"/>
            </Checks>
            <VerifyObjMethodCallValidity Value="True"/>
          </CodeGeneration>
          <Linking>
            <Debugging>
              <DebugInfoType Value="dsDwarf3"/>
              <UseHeaptrc Value="True"/>
              <TrashVariables Value="True"/>
              <UseExternalDbgSyms Value="True"/>
            </Debugging>
          </Linking>
        </CompilerOptions>
      </Item>
      <Item Name="Release">
        <CompilerOptions>
          <Version Value="11"/>
          <PathDelim Value="\"/>
          <Target>
            <Filename Value="bin\NJLBasicC"/>
          </Target>
          <SearchPaths>
            <IncludeFiles Value="$(ProjOutDir)"/>
            <OtherUnitFiles Value="..\..\libs\include\ttyconsole\src;src;..\..\libs\include\RuntimeResources;C:\Sdk\lazarus64-2025\components\lazutils\"/>
            <UnitOutputDirectory Value="lib\$(TargetCPU)-$(TargetOS)"/>
          </SearchPaths>
          <CodeGeneration>
            <SmartLinkUnit Value="True"/>
            <Optimizations>
              <OptimizationLevel Value="3"/>
            </Optimizations>
          </CodeGeneration>
          <Linking>
            <Debugging>
              <GenerateDebugInfo Value="False"/>
              <RunWithoutDebug Value="True"/>
            </Debugging>
            <LinkSmart Value="True"/>
          </Linking>
        </CompilerOptions>
      </Item>
    </BuildModes>
    <PublishOptions>
      <Version Value="2"/>
      <UseFileFilters Value="True"/>
    </PublishOptions>
    <RunParams>
      <FormatVersion Value="2"/>
    </RunParams>
    <Units>
      <Unit>
        <Filename Value="NJLBasicC.lpr"/>
        <IsPartOfProject Value="True"/>
      </Unit>
      <Unit>
        <Filename Value="..\..\libs\include\ttyconsole\src\uttyansi.pas"/>
        <IsPartOfProject Value="True"/>
      </Unit>
      <Unit>
        <Filename Value="..\..\libs\include\ttyconsole\src\uttyconsole.pas"/>
        <IsPartOfProject Value="True"/>
      </Unit>
      <Unit>
        <Filename Value="src\uexpression.pas"/>
        <IsPartOfProject Value="True"/>
        <UnitName Value="uExpression"/>
      </Unit>
      <Unit>
        <Filename Value="src\utokenizer.pas"/>
        <IsPartOfProject Value="True"/>
        <UnitName Value="uTokenizer"/>
      </Unit>
      <Unit>
        <Filename Value="src\ubasicvarfunc.pas"/>
        <IsPartOfProject Value="True"/>
      </Unit>
      <Unit>
        <Filename Value="..\..\libs\include\ttyconsole\src\uttyinputedit.pas"/>
        <IsPartOfProject Value="True"/>
      </Unit>
      <Unit>
        <Filename Value="src\ubasicinterpreter.pas"/>
        <IsPartOfProject Value="True"/>
      </Unit>
      <Unit>
        <Filename Value="..\..\libs\include\RuntimeResources\uresourceexe.pas"/>
        <IsPartOfProject Value="True"/>
      </Unit>
      <Unit>
        <Filename Value="src\uconsole.pas"/>
        <IsPartOfProject Value="True"/>
      </Unit>
      <Unit>
        <Filename Value="src\ucustomconsole.pas"/>
        <IsPartOfProject Value="True"/>
      </Unit>
      <Unit>
        <Filename Value="C:\Sdk\lazarus64-2025\components\lazutils\fileutil.pas"/>
        <IsPartOfProject Value="True"/>
        <UnitName Value="FileUtil"/>
      </Unit>
    </Units>
  </ProjectOptions>
  <CompilerOptions>
    <Version Value="11"/>
    <PathDelim Value="\"/>
    <Target>
      <Filename Value="bin\NJLBasicC"/>
    </Target>
    <SearchPaths>
      <IncludeFiles Value="$(ProjOutDir)"/>
      <OtherUnitFiles Value="..\..\libs\include\ttyconsole\src;src;..\..\libs\include\RuntimeResources;C:\Sdk\lazarus64-2025\components\lazutils\"/>
      <UnitOutputDirectory Value="lib\$(TargetCPU)-$(TargetOS)"/>
    </SearchPaths>
    <Linking>
      <Debugging>
        <DebugInfoType Value="dsDwarf3"/>
        <UseExternalDbgSyms Value="True"/>
      </Debugging>
    </Linking>
  </CompilerOptions>
  <Debugging>
    <Exceptions>
      <Item>
        <Name Value="EAbort"/>
      </Item>
      <Item>
        <Name Value="ECodetoolError"/>
      </Item>
      <Item>
        <Name Value="EFOpenError"/>
      </Item>
      <Item>
        <Name Value="Exception"/>
      </Item>
    </Exceptions>
  </Debugging>
</CONFIG>
